{
    "_meta": {
        "hash": {
            "sha256": "4a6af0ed875ec96b3962b16164117703bdac70661bb2c8870290834e7a2d2b34"
        },
        "pipfile-spec": 6,
        "requires": {
            "python_version": "3.10"
        },
        "sources": [
            {
                "name": "pypi",
                "url": "https://pypi.org/simple",
                "verify_ssl": true
            }
        ]
    },
    "default": {
        "anyio": {
            "hashes": [
                "sha256:048e05d0f6caeed70d731f3db756d35dcc1f35747c8c403364a8332c630441b8",
                "sha256:f75253795a87df48568485fd18cdd2a3fa5c4f7c5be8e5e36637733fce06fed6"
            ],
            "markers": "python_version >= '3.8'",
            "version": "==4.3.0"
        },
        "certifi": {
            "hashes": [
                "sha256:0569859f95fc761b18b45ef421b1290a0f65f147e92a1e5eb3e635f9a5e4e66f",
                "sha256:dc383c07b76109f368f6106eee2b593b04a011ea4d55f652c6ca24a754d1cdd1"
            ],
            "markers": "python_version >= '3.6'",
            "version": "==2024.2.2"
        },
        "click": {
            "hashes": [
                "sha256:ae74fb96c20a0277a1d615f1e4d73c8414f5a98db8b799a7931d1582f3390c28",
                "sha256:ca9853ad459e787e2192211578cc907e7594e294c7ccc834310722b41b9ca6de"
            ],
            "markers": "python_version >= '3.7'",
            "version": "==8.1.7"
        },
        "colorama": {
            "hashes": [
                "sha256:08695f5cb7ed6e0531a20572697297273c47b8cae5a63ffc6d6ed5c201be6e44",
                "sha256:4f1d9991f5acc0ca119f9d443620b77f9d6b33703e51011c16baf57afb285fc6"
            ],
            "markers": "platform_system == 'Windows'",
            "version": "==0.4.6"
        },
        "exceptiongroup": {
            "hashes": [
                "sha256:4bfd3996ac73b41e9b9628b04e079f193850720ea5945fc96a08633c66912f14",
                "sha256:91f5c769735f051a4290d52edd0858999b57e5876e9f85937691bd4c9fa3ed68"
            ],
            "markers": "python_version < '3.11'",
            "version": "==1.2.0"
        },
        "h11": {
            "hashes": [
                "sha256:8f19fbbe99e72420ff35c00b27a34cb9937e902a8b810e2c88300c6f0a3b699d",
                "sha256:e3fe4ac4b851c468cc8363d500db52c2ead036020723024a109d37346efaa761"
            ],
            "markers": "python_version >= '3.7'",
            "version": "==0.14.0"
        },
        "httpcore": {
            "hashes": [
                "sha256:34a38e2f9291467ee3b44e89dd52615370e152954ba21721378a87b2960f7a61",
                "sha256:421f18bac248b25d310f3cacd198d55b8e6125c107797b609ff9b7a6ba7991b5"
            ],
            "markers": "python_version >= '3.8'",
            "version": "==1.0.5"
        },
        "httpx": {
            "hashes": [
                "sha256:71d5465162c13681bff01ad59b2cc68dd838ea1f10e51574bac27103f00c91a5",
                "sha256:a0cb88a46f32dc874e04ee956e4c2764aba2aa228f650b06788ba6bda2962ab5"
            ],
            "index": "pypi",
            "markers": "python_version >= '3.8'",
            "version": "==0.27.0"
        },
        "idna": {
            "hashes": [
                "sha256:9ecdbbd083b06798ae1e86adcbfe8ab1479cf864e4ee30fe4e46a003d12491ca",
                "sha256:c05567e9c24a6b9faaa835c4821bad0590fbb9d5779e7caa6e1cc4978e7eb24f"
            ],
            "markers": "python_version >= '3.5'",
            "version": "==3.6"
        },
        "orjson": {
            "hashes": [
                "sha256:115498c4ad34188dcb73464e8dc80e490a3e5e88a925907b6fedcf20e545001a",
                "sha256:13b5d3c795b09a466ec9fcf0bd3ad7b85467d91a60113885df7b8d639a9d374b",
                "sha256:175a41500ebb2fdf320bf78e8b9a75a1279525b62ba400b2b2444e274c2c8bee",
                "sha256:1897aa25a944cec774ce4a0e1c8e98fb50523e97366c637b7d0cddabc42e6643",
                "sha256:1bef1050b1bdc9ea6c0d08468e3e61c9386723633b397e50b82fda37b3563d72",
                "sha256:1de3fd5c7b208d836f8ecb4526995f0d5877153a4f6f12f3e9bf11e49357de98",
                "sha256:22c2f7e377ac757bd3476ecb7480c8ed79d98ef89648f0176deb1da5cd014eb7",
                "sha256:237ba922aef472761acd697eef77fef4831ab769a42e83c04ac91e9f9e08fa0e",
                "sha256:23c12bb4ced1c3308eff7ba5c63ef8f0edb3e4c43c026440247dd6c1c61cea4b",
                "sha256:30707e646080dd3c791f22ce7e4a2fc2438765408547c10510f1f690bd336217",
                "sha256:30d795a24be16c03dca0c35ca8f9c8eaaa51e3342f2c162d327bd0225118794a",
                "sha256:33e6655a2542195d6fd9f850b428926559dee382f7a862dae92ca97fea03a5ad",
                "sha256:400c5b7c4222cb27b5059adf1fb12302eebcabf1978f33d0824aa5277ca899bd",
                "sha256:4050920e831a49d8782a1720d3ca2f1c49b150953667eed6e5d63a62e80f46a2",
                "sha256:414e5293b82373606acf0d66313aecb52d9c8c2404b1900683eb32c3d042dbd7",
                "sha256:4251964db47ef090c462a2d909f16c7c7d5fe68e341dabce6702879ec26d1134",
                "sha256:4329c1d24fd130ee377e32a72dc54a3c251e6706fccd9a2ecb91b3606fddd998",
                "sha256:47af5d4b850a2d1328660661f0881b67fdbe712aea905dadd413bdea6f792c33",
                "sha256:5127478260db640323cea131ee88541cb1a9fbce051f0b22fa2f0892f44da302",
                "sha256:57d017863ec8aa4589be30a328dacd13c2dc49de1c170bc8d8c8a98ece0f2925",
                "sha256:5d42768db6f2ce0162544845facb7c081e9364a5eb6d2ef06cd17f6050b048d8",
                "sha256:5dcb32e949eae80fb335e63b90e5808b4b0f64e31476b3777707416b41682db5",
                "sha256:60c0b1bdbccd959ebd1575bd0147bd5e10fc76f26216188be4a36b691c937077",
                "sha256:658ca5cee3379dd3d37dbacd43d42c1b4feee99a29d847ef27a1cb18abdfb23f",
                "sha256:6735dd4a5a7b6df00a87d1d7a02b84b54d215fb7adac50dd24da5997ffb4798d",
                "sha256:6a3f53dc650bc860eb26ec293dfb489b2f6ae1cbfc409a127b01229980e372f7",
                "sha256:73bbbdc43d520204d9ef0817ac03fa49c103c7f9ea94f410d2950755be2c349c",
                "sha256:8acd4b82a5f3a3ec8b1dc83452941d22b4711964c34727eb1e65449eead353ca",
                "sha256:90bfc137c75c31d32308fd61951d424424426ddc39a40e367704661a9ee97095",
                "sha256:9587053e0cefc284e4d1cd113c34468b7d3f17666d22b185ea654f0775316a26",
                "sha256:983db1f87c371dc6ffc52931eb75f9fe17dc621273e43ce67bee407d3e5476e9",
                "sha256:98c1bfc6a9bec52bc8f0ab9b86cc0874b0299fccef3562b793c1576cf3abb570",
                "sha256:9a667769a96a72ca67237224a36faf57db0c82ab07d09c3aafc6f956196cfa1b",
                "sha256:9bf565a69e0082ea348c5657401acec3cbbb31564d89afebaee884614fba36b4",
                "sha256:aa7d507c7493252c0a0264b5cc7e20fa2f8622b8a83b04d819b5ce32c97cf57b",
                "sha256:ade1e21dfde1d37feee8cf6464c20a2f41fa46c8bcd5251e761903e46102dc6b",
                "sha256:b2d014cf8d4dc9f03fc9f870de191a49a03b1bcda51f2a957943fb9fafe55aac",
                "sha256:b6ebc17cfbbf741f5c1a888d1854354536f63d84bee537c9a7c0335791bb9009",
                "sha256:b98345529bafe3c06c09996b303fc0a21961820d634409b8639bc16bd4f21b63",
                "sha256:ba4d8cac5f2e2cff36bea6b6481cdb92b38c202bcec603d6f5ff91960595a1ed",
                "sha256:c4f60db24161534764277f798ef53b9d3063092f6d23f8f962b4a97edfa997a0",
                "sha256:c90681333619d78360d13840c7235fdaf01b2b129cb3a4f1647783b1971542b6",
                "sha256:cd583341218826f48bd7c6ebf3310b4126216920853cbc471e8dbeaf07b0b80e",
                "sha256:d16c6963ddf3b28c0d461641517cd312ad6b3cf303d8b87d5ef3fa59d6844337",
                "sha256:d2817877d0b69f78f146ab305c5975d0618df41acf8811249ee64231f5953fee",
                "sha256:e286a51def6626f1e0cc134ba2067dcf14f7f4b9550f6dd4535fd9d79000040b",
                "sha256:e62ba42bfe64c60c1bc84799944f80704e996592c6b9e14789c8e2a303279912",
                "sha256:eadecaa16d9783affca33597781328e4981b048615c2ddc31c47a51b833d6319",
                "sha256:ef0f19fdfb6553342b1882f438afd53c7cb7aea57894c4490c43e4431739c700",
                "sha256:f93e33f67729d460a177ba285002035d3f11425ed3cebac5f6ded4ef36b28344",
                "sha256:feaed5bb09877dc27ed0d37f037ddef6cb76d19aa34b108db270d27d3d2ef747"
            ],
            "index": "pypi",
            "markers": "python_version >= '3.8'",
            "version": "==3.10.0"
        },
        "rapidfuzz": {
            "hashes": [
                "sha256:01581b688c5f4f6665b779135e32db0edab1d78028abf914bb91469928efa383",
                "sha256:04bae4d9c16ce1bab6447d196fb8258d98139ed8f9b288a38b84887985e4227b",
                "sha256:075a419a0ec29be44b3d7f4bcfa5cb7e91e419379a85fc05eb33de68315bd96f",
                "sha256:0828b55ec8ad084febdf4ab0c942eb1f81c97c0935f1cb0be0b4ea84ce755988",
                "sha256:08671280e0c04d2bb3f39511f13cae5914e6690036fd1eefc3d47a47f9fae634",
                "sha256:0b13a6823a1b83ae43f8bf35955df35032bee7bec0daf9b5ab836e0286067434",
                "sha256:0cc77237242303733de47829028a0a8b6ab9188b23ec9d9ff0a674fdcd3c8e7f",
                "sha256:1252ca156e1b053e84e5ae1c8e9e062ee80468faf23aa5c543708212a42795fd",
                "sha256:150c98b65faff17b917b9d36bff8a4d37b6173579c6bc2e38ff2044e209d37a4",
                "sha256:1522eaab91b9400b3ef16eebe445940a19e70035b5bc5d98aef23d66e9ac1df0",
                "sha256:16895dc62a7b92028f9c8b6d22830f1cbc77306ee794f461afc6028e1a8d7539",
                "sha256:187db4cc8fb54f8c49c67b7f38ef3a122ce23be273032fa2ff34112a2694c3d8",
                "sha256:18bc2f13c73d5d34499ff6ada55b052c445d3aa64d22c2639e5ab45472568046",
                "sha256:1dfceaa7c2914585bb8a043265c39ec09078f13fbf53b5525722fc074306b6fa",
                "sha256:1efa2268b51b68156fb84d18ca1720311698a58051c4a19c40d670057ce60519",
                "sha256:209dda6ae66b702f74a78cef555397cdc2a83d7f48771774a20d2fc30808b28c",
                "sha256:20e7d729af2e5abb29caa070ec048aba042f134091923d9ca2ac662b5604577e",
                "sha256:2bc0b78572626af6ab134895e4dbfe4f4d615d18dcc43b8d902d8e45471aabba",
                "sha256:2f9070b42c0ba030b045bba16a35bdb498a0d6acb0bdb3ff4e325960e685e290",
                "sha256:358692f1df3f8aebcd48e69c77c948c9283b44c0efbaf1eeea01739efe3cd9a6",
                "sha256:3a6a36c9299e059e0bee3409218bc5235a46570c20fc980cdee5ed21ea6110ad",
                "sha256:3e55f02105c451ab6ff0edaaba57cab1b6c0a0241cfb2b306d4e8e1503adba50",
                "sha256:40998c8dc35fdd221790b8b5134a8d7499adbfab9a5dd9ec626c7e92e17a43ed",
                "sha256:41851620d2900791d66d9b6092fc163441d7dd91a460c73b07957ff1c517bc30",
                "sha256:419c8961e861fb5fc5590056c66a279623d1ea27809baea17e00cdc313f1217a",
                "sha256:42c2e8a2341363c7caf276efdbe1a673fc5267a02568c47c8e980f12e9bc8727",
                "sha256:4604dfc1098920c4eb6d0c6b5cc7bdd4bf95b48633e790c1d3f100a25870691d",
                "sha256:49b0c47860c733a3d73a4b70b97b35c8cbf24ef24f8743732f0d1c412a8c85de",
                "sha256:4bb9285abeb0477cdb2f8ea0cf7fd4b5f72ed5a9a7d3f0c0bb4a5239db2fc1ed",
                "sha256:4e09d81008e212fc824ea23603ff5270d75886e72372fa6c7c41c1880bcb57ed",
                "sha256:4e50840a8a8e0229563eeaf22e21a203359859557db8829f4d0285c17126c5fb",
                "sha256:4efa9bfc5b955b6474ee077eee154e240441842fa304f280b06e6b6aa58a1d1e",
                "sha256:51a5b96d2081c3afbef1842a61d63e55d0a5a201473e6975a80190ff2d6f22ca",
                "sha256:579cce49dfa57ffd8c8227b3fb53cced54b4df70cec502e63e9799b4d1f44004",
                "sha256:594b9c33fc1a86784962043ee3fbaaed875fbaadff72e467c2f7a83cd6c5d69d",
                "sha256:5a8ba64d72329a940ff6c74b721268c2004eecc48558f648a38e96915b5d1c1b",
                "sha256:5bd394e28ff221557ea4d8152fcec3e66d9f620557feca5f2bedc4c21f8cf2f9",
                "sha256:5f2075ac9ee5c15d33d24a1efc8368d095602b5fd9634c5b5f24d83e41903528",
                "sha256:600b4d4315f33ec0356c0dab3991a5d5761102420bcff29e0773706aa48936e8",
                "sha256:611278ce3136f4544d596af18ab8849827d64372e1d8888d9a8d071bf4a3f44d",
                "sha256:620df112c39c6d27316dc1e22046dc0382d6d91fd60d7c51bd41ca0333d867e9",
                "sha256:63044c63565f50818d885bfcd40ac369947da4197de56b4d6c26408989d48edf",
                "sha256:632f09e19365ace5ff2670008adc8bf23d03d668b03a30230e5b60ff9317ee93",
                "sha256:74e692357dd324dff691d379ef2c094c9ec526c0ce83ed43a066e4e68fe70bf6",
                "sha256:7ba14850cc8258b3764ea16b8a4409ac2ba16d229bde7a5f495dd479cd9ccd56",
                "sha256:7bc944d7e830cfce0f8b4813875f05904207017b66e25ab7ee757507001310a9",
                "sha256:7be5f460ff42d7d27729115bfe8a02e83fa0284536d8630ee900d17b75c29e65",
                "sha256:7c837f89d86a5affe9ee6574dad6b195475676a6ab171a67920fc99966f2ab2c",
                "sha256:7e4eea225d2bff1aff4c85fcc44716596d3699374d99eb5906b7a7560297460e",
                "sha256:7f9f3dc14fadbd553975f824ac48c381f42192cec9d7e5711b528357662a8d8e",
                "sha256:860f438238f1807532aa5c5c25e74c284232ccc115fe84697b78e25d48f364f7",
                "sha256:86c7676a32d7524e40bc73546e511a408bc831ae5b163029d325ea3a2027d089",
                "sha256:86eea3e6c314a9238de568254a9c591ec73c2985f125675ed5f171d869c47773",
                "sha256:8e11c5e6593be41a555475c9c20320342c1f5585d635a064924956944c465ad4",
                "sha256:8e70f876ca89a6df344f8157ac60384e8c05a0dfb442da2490c3f1c45238ccf5",
                "sha256:8fdc26e7863e0f63c2185d53bb61f5173ad4451c1c8287b535b30ea25a419a5a",
                "sha256:91f798cc00cd94a0def43e9befc6e867c9bd8fa8f882d1eaa40042f528b7e2c7",
                "sha256:92b8146fbfb37ac358ef7e0f6b79619e4f793fbbe894b99ea87920f9c0a9d77d",
                "sha256:9b6167468f76779a14b9af66210f68741af94d32d086f19118de4e919f00585c",
                "sha256:9bad6a0fe3bc1753dacaa6229a8ba7d9844eb7ae24d44d17c5f4c51c91a8a95e",
                "sha256:9e17a3092e74025d896ef1d67ac236c83494da37a78ef84c712e4e2273c115f1",
                "sha256:9ea720db8def684c1eb71dadad1f61c9b52f4d979263eb5d443f2b22b0d5430a",
                "sha256:a1f268a2a37cd22573b4a06eccd481c04504b246d3cadc2d8e8dfa64b575636d",
                "sha256:a9460d8fddac7ea46dff9298eee9aa950dbfe79f2eb509a9f18fbaefcd10894c",
                "sha256:a9acca34b34fb895ee6a84c436bb919f3b9cd8f43e7003d43e9573a1d990ff74",
                "sha256:aa163257a0ac4e70f9009d25e5030bdd83a8541dfa3ba78dc86b35c9e16a80b4",
                "sha256:b4a7e37fe136022d944374fcd8a2f72b8a19f7b648d2cdfb946667e9ede97f9f",
                "sha256:b5881856f830351aaabd869151124f64a80bf61560546d9588a630a4e933a5de",
                "sha256:b917764fd2b267addc9d03a96d26f751f6117a95f617428c44a069057653b528",
                "sha256:be08f39e397a618aab907887465d7fabc2d1a4d15d1a67cb8b526a7fb5202a3e",
                "sha256:c0cc9d3c8261457af3f8756b1f71a9fdc4892978a9e8b967976d2803e08bf972",
                "sha256:c788b11565cc176fab8fab6dfcd469031e906927db94bf7e422afd8ef8f88a5a",
                "sha256:c86bc4b1d2380739e6485396195e30021df509b4923f3f757914e171587bce7c",
                "sha256:cda4550a98658f9a8bcdc03d0498ed1565c1563880e3564603a9eaae28d51b2a",
                "sha256:ce728e2b582fd396bc2559160ee2e391e6a4b5d2e455624044699d96abe8a396",
                "sha256:d1b14489b038f007f425a06fcf28ac6313c02cb603b54e3a28d9cfae82198cc0",
                "sha256:d5a3872f35bec89f07b993fa1c5401d11b9e68bcdc1b9737494e279308a38a5f",
                "sha256:d7361608c8e73a1dc0203a87d151cddebdade0098a047c46da43c469c07df964",
                "sha256:d7878025248b99ccca3285891899373f98548f2ca13835d83619ffc42241c626",
                "sha256:dc3fdb4738a6b83ae27f1d8923b00d3a9c2b5c50da75b9f8b81841839c6e3e1f",
                "sha256:dd5ad2c12dab2b98340c4b7b9592c8f349730bda9a2e49675ea592bbcbc1360b",
                "sha256:dfd1e4819f1f3c47141f86159b44b7360ecb19bf675080b3b40437bf97273ab9",
                "sha256:e499c823206c9ffd9d89aa11f813a4babdb9219417d4efe4c8a6f8272da00e98",
                "sha256:e8041c6b2d339766efe6298fa272f79d6dd799965df364ef4e50f488c101c899",
                "sha256:eace9fdde58a425d4c9a93021b24a0cac830df167a5b2fc73299e2acf9f41493",
                "sha256:ecd70212fd9f1f8b1d3bdd8bcb05acc143defebd41148bdab43e573b043bb241",
                "sha256:ef6b6ab64c4c91c57a6b58e1d690b59453bfa1f1e9757a7e52e59b4079e36631",
                "sha256:f332d61f51b0b9c8b55a0fb052b4764b6ad599ea8ce948ac47a4388e9083c35e",
                "sha256:f39eb1513ee139ba6b5c01fe47ddf2d87e9560dd7fdee1068f7f6efbae70de34",
                "sha256:faded69ffe79adcefa8da08f414a0fd52375e2b47f57be79471691dad9656b5a"
            ],
            "index": "pypi",
            "markers": "python_version >= '3.8'",
            "version": "==3.7.0"
        },
        "sniffio": {
            "hashes": [
                "sha256:2f6da418d1f1e0fddd844478f41680e794e6051915791a034ff65e5f100525a2",
                "sha256:f4324edc670a0f49750a81b895f35c3adb843cca46f0530f79fc1babb23789dc"
            ],
            "markers": "python_version >= '3.7'",
            "version": "==1.3.1"
        },
        "typer": {
            "hashes": [
                "sha256:4ce7b2a60b8543816ca97d5ec016026cbe95d1a7a931083b988c1d3682548fe7",
                "sha256:f5ae987b97ebbbd59182f8e84407bbc925bc636867fa007bce87a7a71ac81d5c"
            ],
            "index": "pypi",
            "markers": "python_version >= '3.7'",
            "version": "==0.11.1"
        },
        "typing-extensions": {
            "hashes": [
                "sha256:69b1a937c3a517342112fb4c6df7e72fc39a38e7891a5730ed4985b5214b5475",
                "sha256:b0abd7c89e8fb96f98db18d86106ff1d90ab692004eb746cf6eda2682f91b3cb"
            ],
            "markers": "python_version >= '3.8'",
            "version": "==4.10.0"
        }
    },
    "develop": {
        "humanize": {
            "hashes": [
                "sha256:582a265c931c683a7e9b8ed9559089dea7edcf6cc95be39a3cbc2c5d5ac2bcfa",
                "sha256:ce284a76d5b1377fd8836733b983bfb0b76f1aa1c090de2566fcf008d7f6ab16"
            ],
            "index": "pypi",
            "markers": "python_version >= '3.8'",
            "version": "==4.9.0"
        },
        "psutil": {
            "hashes": [
                "sha256:02615ed8c5ea222323408ceba16c60e99c3f91639b07da6373fb7e6539abc56d",
                "sha256:05806de88103b25903dff19bb6692bd2e714ccf9e668d050d144012055cbca73",
                "sha256:26bd09967ae00920df88e0352a91cff1a78f8d69b3ecabbfe733610c0af486c8",
                "sha256:27cc40c3493bb10de1be4b3f07cae4c010ce715290a5be22b98493509c6299e2",
                "sha256:36f435891adb138ed3c9e58c6af3e2e6ca9ac2f365efe1f9cfef2794e6c93b4e",
                "sha256:50187900d73c1381ba1454cf40308c2bf6f34268518b3f36a9b663ca87e65e36",
                "sha256:611052c4bc70432ec770d5d54f64206aa7203a101ec273a0cd82418c86503bb7",
                "sha256:6be126e3225486dff286a8fb9a06246a5253f4c7c53b475ea5f5ac934e64194c",
                "sha256:7d79560ad97af658a0f6adfef8b834b53f64746d45b403f225b85c5c2c140eee",
                "sha256:8cb6403ce6d8e047495a701dc7c5bd788add903f8986d523e3e20b98b733e421",
                "sha256:8db4c1b57507eef143a15a6884ca10f7c73876cdf5d51e713151c1236a0e68cf",
                "sha256:aee678c8720623dc456fa20659af736241f575d79429a0e5e9cf88ae0605cc81",
                "sha256:bc56c2a1b0d15aa3eaa5a60c9f3f8e3e565303b465dbf57a1b730e7a2b9844e0",
                "sha256:bd1184ceb3f87651a67b2708d4c3338e9b10c5df903f2e3776b62303b26cb631",
                "sha256:d06016f7f8625a1825ba3732081d77c94589dca78b7a3fc072194851e88461a4",
                "sha256:d16bbddf0693323b8c6123dd804100241da461e41d6e332fb0ba6058f630f8c8"
            ],
            "index": "pypi",
            "markers": "python_version >= '2.7' and python_version not in '3.0, 3.1, 3.2, 3.3, 3.4, 3.5'",
            "version": "==5.9.8"
        }
    }
}
